
Microsoft Visual Studio Solution File, Format Version 12.00
# Visual Studio Version 17
VisualStudioVersion = 17.4.33403.182
MinimumVisualStudioVersion = 10.0.40219.1
Project("{2150E333-8FDC-42A3-9474-1A3956D46DE8}") = "WinForms Project examples", "WinForms Project examples", "{34B37C66-24F3-4A08-96D1-A918CBB0AD04}"
EndProject
Project("{FAE04EC0-301F-11D3-BF4B-00C04F79EFBC}") = "BroadcastListener_1", "BroadcastListener\BroadcastListener_1.csproj", "{3F98AF69-ABEE-48F0-BB14-FCC61FF8C57C}"
EndProject
Project("{FAE04EC0-301F-11D3-BF4B-00C04F79EFBC}") = "BroadcastListener_2", "BroadcastListener_2\BroadcastListener_2.csproj", "{92F3C6D9-10EB-40B8-B597-8D727C0F86E3}"
EndProject
Project("{2150E333-8FDC-42A3-9474-1A3956D46DE8}") = "Solution Items", "Solution Items", "{F67EB7F9-93D2-4653-BCC6-6CF840D651C4}"
	ProjectSection(SolutionItems) = preProject
		readme.md = readme.md
	EndProjectSection
EndProject
Project("{2150E333-8FDC-42A3-9474-1A3956D46DE8}") = "UDP", "UDP", "{0677385E-F55E-4E1D-A92A-C21B49A23DCD}"
EndProject
Project("{FAE04EC0-301F-11D3-BF4B-00C04F79EFBC}") = "BasicUDP", "BasicUDP\BasicUDP.csproj", "{E9E8CB8A-BB63-4BEC-B2B5-19F37B425638}"
EndProject
Project("{2150E333-8FDC-42A3-9474-1A3956D46DE8}") = "Visual Basic", "Visual Basic", "{7F028FEB-B01E-431F-BBB7-2FE9F1BD7878}"
EndProject
Project("{F184B08F-C81C-45F6-A57F-5ABD9991F28F}") = "ClassExample1", "ClassExample1\ClassExample1.vbproj", "{5EECABC4-BDC3-42DA-B4DF-41B7B8B67BE0}"
EndProject
Project("{2150E333-8FDC-42A3-9474-1A3956D46DE8}") = "WPF Project examples", "WPF Project examples", "{829EF633-E857-4319-8506-3D4F893F0E01}"
EndProject
Project("{FAE04EC0-301F-11D3-BF4B-00C04F79EFBC}") = "WpfApplication1", "WpfApplication1\WpfApplication1.csproj", "{7357C032-AA9F-4BD1-963A-6DEFFCCFC08A}"
EndProject
Project("{2150E333-8FDC-42A3-9474-1A3956D46DE8}") = "Core", "Core", "{08867A27-99A3-4A3D-ACB1-2AE18A9B4A6D}"
EndProject
Project("{2150E333-8FDC-42A3-9474-1A3956D46DE8}") = "Framework", "Framework", "{684003E6-386A-4975-AC5F-24D8709B56BC}"
EndProject
Project("{FAE04EC0-301F-11D3-BF4B-00C04F79EFBC}") = "WinFormLibrary", "WinFormLibrary\WinFormLibrary.csproj", "{55DC441A-7A0A-4140-94CC-269BAE8CAB47}"
EndProject
Project("{FAE04EC0-301F-11D3-BF4B-00C04F79EFBC}") = "BroadcastCoreApp", "BroadcastCoreApp\BroadcastCoreApp.csproj", "{196A6565-632B-45DE-B6FC-BCE16B845769}"
EndProject
Global
	GlobalSection(SolutionConfigurationPlatforms) = preSolution
		Debug|Any CPU = Debug|Any CPU
		Release|Any CPU = Release|Any CPU
	EndGlobalSection
	GlobalSection(ProjectConfigurationPlatforms) = postSolution
		{3F98AF69-ABEE-48F0-BB14-FCC61FF8C57C}.Debug|Any CPU.ActiveCfg = Debug|Any CPU
		{3F98AF69-ABEE-48F0-BB14-FCC61FF8C57C}.Debug|Any CPU.Build.0 = Debug|Any CPU
		{3F98AF69-ABEE-48F0-BB14-FCC61FF8C57C}.Release|Any CPU.ActiveCfg = Release|Any CPU
		{3F98AF69-ABEE-48F0-BB14-FCC61FF8C57C}.Release|Any CPU.Build.0 = Release|Any CPU
		{92F3C6D9-10EB-40B8-B597-8D727C0F86E3}.Debug|Any CPU.ActiveCfg = Debug|Any CPU
		{92F3C6D9-10EB-40B8-B597-8D727C0F86E3}.Debug|Any CPU.Build.0 = Debug|Any CPU
		{92F3C6D9-10EB-40B8-B597-8D727C0F86E3}.Release|Any CPU.ActiveCfg = Release|Any CPU
		{92F3C6D9-10EB-40B8-B597-8D727C0F86E3}.Release|Any CPU.Build.0 = Release|Any CPU
		{E9E8CB8A-BB63-4BEC-B2B5-19F37B425638}.Debug|Any CPU.ActiveCfg = Debug|Any CPU
		{E9E8CB8A-BB63-4BEC-B2B5-19F37B425638}.Debug|Any CPU.Build.0 = Debug|Any CPU
		{E9E8CB8A-BB63-4BEC-B2B5-19F37B425638}.Release|Any CPU.ActiveCfg = Release|Any CPU
		{E9E8CB8A-BB63-4BEC-B2B5-19F37B425638}.Release|Any CPU.Build.0 = Release|Any CPU
		{5EECABC4-BDC3-42DA-B4DF-41B7B8B67BE0}.Debug|Any CPU.ActiveCfg = Debug|Any CPU
		{5EECABC4-BDC3-42DA-B4DF-41B7B8B67BE0}.Debug|Any CPU.Build.0 = Debug|Any CPU
		{5EECABC4-BDC3-42DA-B4DF-41B7B8B67BE0}.Release|Any CPU.ActiveCfg = Release|Any CPU
		{5EECABC4-BDC3-42DA-B4DF-41B7B8B67BE0}.Release|Any CPU.Build.0 = Release|Any CPU
		{7357C032-AA9F-4BD1-963A-6DEFFCCFC08A}.Debug|Any CPU.ActiveCfg = Debug|Any CPU
		{7357C032-AA9F-4BD1-963A-6DEFFCCFC08A}.Debug|Any CPU.Build.0 = Debug|Any CPU
		{7357C032-AA9F-4BD1-963A-6DEFFCCFC08A}.Release|Any CPU.ActiveCfg = Release|Any CPU
		{7357C032-AA9F-4BD1-963A-6DEFFCCFC08A}.Release|Any CPU.Build.0 = Release|Any CPU
		{55DC441A-7A0A-4140-94CC-269BAE8CAB47}.Debug|Any CPU.ActiveCfg = Debug|Any CPU
		{55DC441A-7A0A-4140-94CC-269BAE8CAB47}.Debug|Any CPU.Build.0 = Debug|Any CPU
		{55DC441A-7A0A-4140-94CC-269BAE8CAB47}.Release|Any CPU.ActiveCfg = Release|Any CPU
		{55DC441A-7A0A-4140-94CC-269BAE8CAB47}.Release|Any CPU.Build.0 = Release|Any CPU
		{196A6565-632B-45DE-B6FC-BCE16B845769}.Debug|Any CPU.ActiveCfg = Debug|Any CPU
		{196A6565-632B-45DE-B6FC-BCE16B845769}.Debug|Any CPU.Build.0 = Debug|Any CPU
		{196A6565-632B-45DE-B6FC-BCE16B845769}.Release|Any CPU.ActiveCfg = Release|Any CPU
		{196A6565-632B-45DE-B6FC-BCE16B845769}.Release|Any CPU.Build.0 = Release|Any CPU
	EndGlobalSection
	GlobalSection(SolutionProperties) = preSolution
		HideSolutionNode = FALSE
	EndGlobalSection
	GlobalSection(NestedProjects) = preSolution
		{3F98AF69-ABEE-48F0-BB14-FCC61FF8C57C} = {34B37C66-24F3-4A08-96D1-A918CBB0AD04}
		{92F3C6D9-10EB-40B8-B597-8D727C0F86E3} = {684003E6-386A-4975-AC5F-24D8709B56BC}
		{0677385E-F55E-4E1D-A92A-C21B49A23DCD} = {684003E6-386A-4975-AC5F-24D8709B56BC}
		{E9E8CB8A-BB63-4BEC-B2B5-19F37B425638} = {0677385E-F55E-4E1D-A92A-C21B49A23DCD}
		{7F028FEB-B01E-431F-BBB7-2FE9F1BD7878} = {684003E6-386A-4975-AC5F-24D8709B56BC}
		{5EECABC4-BDC3-42DA-B4DF-41B7B8B67BE0} = {7F028FEB-B01E-431F-BBB7-2FE9F1BD7878}
		{829EF633-E857-4319-8506-3D4F893F0E01} = {684003E6-386A-4975-AC5F-24D8709B56BC}
		{7357C032-AA9F-4BD1-963A-6DEFFCCFC08A} = {829EF633-E857-4319-8506-3D4F893F0E01}
		{55DC441A-7A0A-4140-94CC-269BAE8CAB47} = {08867A27-99A3-4A3D-ACB1-2AE18A9B4A6D}
		{196A6565-632B-45DE-B6FC-BCE16B845769} = {08867A27-99A3-4A3D-ACB1-2AE18A9B4A6D}
	EndGlobalSection
	GlobalSection(ExtensibilityGlobals) = postSolution
		SolutionGuid = {2F994E79-0D04-4B44-8189-5B21B536B710}
	EndGlobalSection
EndGlobal
